
Microsoft Visual Studio Solution File, Format Version 12.00
# Visual Studio Version 16
VisualStudioVersion = 16.0.29920.165
MinimumVisualStudioVersion = 10.0.40219.1
Project("{888888A0-9F3D-457C-B088-3A5042F75D52}") = "LearningPython", "LearningPython.pyproj", "{8F8CA442-D9DE-43D5-AFC3-0F36FFFBAEA6}"
EndProject
Global
	GlobalSection(SolutionConfigurationPlatforms) = preSolution
		Debug|Any CPU = Debug|Any CPU
		Release|Any CPU = Release|Any CPU
	EndGlobalSection
	GlobalSection(ProjectConfigurationPlatforms) = postSolution
		{8F8CA442-D9DE-43D5-AFC3-0F36FFFBAEA6}.Debug|Any CPU.ActiveCfg = Debug|Any CPU
		{8F8CA442-D9DE-43D5-AFC3-0F36FFFBAEA6}.Release|Any CPU.ActiveCfg = Release|Any CPU
	EndGlobalSection
	GlobalSection(SolutionProperties) = preSolution
		HideSolutionNode = FALSE
	EndGlobalSection
	GlobalSection(ExtensibilityGlobals) = postSolution
		SolutionGuid = {4E2A93CF-062E-4E57-9E3B-E11BBF436533}
	EndGlobalSection
EndGlobal
